// !$*UTF8*$!
{
	archiveVersion = 1;
	classes = {
	};
	objectVersion = 50;
	objects = {

/* Begin PBXBuildFile section */
		71AD87A1136F774B1BE3162F /* Pods_TodayNews.framework in Frameworks */ = {isa = PBXBuildFile; fileRef = 3C52817112313373E66CD675 /* Pods_TodayNews.framework */; };
		E26D6ECB20DB287100CA7678 /* Assets.xcassets in Resources */ = {isa = PBXBuildFile; fileRef = E26D6ECA20DB287100CA7678 /* Assets.xcassets */; };
		E26D6ECE20DB287100CA7678 /* LaunchScreen.storyboard in Resources */ = {isa = PBXBuildFile; fileRef = E26D6ECC20DB287100CA7678 /* LaunchScreen.storyboard */; };
		E26D6F1220DB457900CA7678 /* HomeViewController.swift in Sources */ = {isa = PBXBuildFile; fileRef = E26D6EF620DB457900CA7678 /* HomeViewController.swift */; };
		E26D6F1320DB457900CA7678 /* VideoViewController.swift in Sources */ = {isa = PBXBuildFile; fileRef = E26D6EFB20DB457900CA7678 /* VideoViewController.swift */; };
		E26D6F1420DB457900CA7678 /* HuoshanViewController.swift in Sources */ = {isa = PBXBuildFile; fileRef = E26D6F0020DB457900CA7678 /* HuoshanViewController.swift */; };
		E26D6F1520DB457900CA7678 /* AppDelegate.swift in Sources */ = {isa = PBXBuildFile; fileRef = E26D6F0420DB457900CA7678 /* AppDelegate.swift */; };
		E26D6F1720DB457900CA7678 /* MineViewController.swift in Sources */ = {isa = PBXBuildFile; fileRef = E26D6F0820DB457900CA7678 /* MineViewController.swift */; };
		E26D6F1820DB457900CA7678 /* MyTabBarController.swift in Sources */ = {isa = PBXBuildFile; fileRef = E26D6F0D20DB457900CA7678 /* MyTabBarController.swift */; };
		E26D6F1920DB457900CA7678 /* MyNavigationController.swift in Sources */ = {isa = PBXBuildFile; fileRef = E26D6F0E20DB457900CA7678 /* MyNavigationController.swift */; };
		E26D6F1A20DB457900CA7678 /* MyTabBar.swift in Sources */ = {isa = PBXBuildFile; fileRef = E26D6F1120DB457900CA7678 /* MyTabBar.swift */; };
		E26D6F1C20DB4C1F00CA7678 /* Const.swift in Sources */ = {isa = PBXBuildFile; fileRef = E26D6F1B20DB4C1F00CA7678 /* Const.swift */; };
		E26D6F1F20DB4CFD00CA7678 /* UIKit+Extension.swift in Sources */ = {isa = PBXBuildFile; fileRef = E26D6F1E20DB4CFD00CA7678 /* UIKit+Extension.swift */; };
		E26D6F2220DB6B4100CA7678 /* NetworkTool.swift in Sources */ = {isa = PBXBuildFile; fileRef = E26D6F2120DB6B4100CA7678 /* NetworkTool.swift */; };
		E26D6F2420DB716300CA7678 /* MyCellModel.swift in Sources */ = {isa = PBXBuildFile; fileRef = E26D6F2320DB716300CA7678 /* MyCellModel.swift */; };
		E26D6F2720DB75BA00CA7678 /* MyOtherCell.swift in Sources */ = {isa = PBXBuildFile; fileRef = E26D6F2520DB75BA00CA7678 /* MyOtherCell.swift */; };
		E26D6F2820DB75BA00CA7678 /* MyOtherCell.xib in Resources */ = {isa = PBXBuildFile; fileRef = E26D6F2620DB75BA00CA7678 /* MyOtherCell.xib */; };
		E26D6F2B20DB84CC00CA7678 /* MyFisrtSectionCell.swift in Sources */ = {isa = PBXBuildFile; fileRef = E26D6F2920DB84CC00CA7678 /* MyFisrtSectionCell.swift */; };
		E26D6F2C20DB84CC00CA7678 /* MyFisrtSectionCell.xib in Resources */ = {isa = PBXBuildFile; fileRef = E26D6F2A20DB84CC00CA7678 /* MyFisrtSectionCell.xib */; };
		E26D6F3320DB94B700CA7678 /* MyConcernCell.swift in Sources */ = {isa = PBXBuildFile; fileRef = E26D6F3120DB94B700CA7678 /* MyConcernCell.swift */; };
		E26D6F3420DB94B700CA7678 /* MyConcernCell.xib in Resources */ = {isa = PBXBuildFile; fileRef = E26D6F3220DB94B700CA7678 /* MyConcernCell.xib */; };
		E26D6F3620DBAAD800CA7678 /* NoLoginHeaderView.swift in Sources */ = {isa = PBXBuildFile; fileRef = E26D6F3520DBAAD800CA7678 /* NoLoginHeaderView.swift */; };
		E26D6F3820DBAAF000CA7678 /* NoLoginHeaderView.xib in Resources */ = {isa = PBXBuildFile; fileRef = E26D6F3720DBAAF000CA7678 /* NoLoginHeaderView.xib */; };
/* End PBXBuildFile section */

/* Begin PBXFileReference section */
		38229071397AAEAB1FE6EC33 /* Pods-TodayNews.release.xcconfig */ = {isa = PBXFileReference; includeInIndex = 1; lastKnownFileType = text.xcconfig; name = "Pods-TodayNews.release.xcconfig"; path = "Pods/Target Support Files/Pods-TodayNews/Pods-TodayNews.release.xcconfig"; sourceTree = "<group>"; };
		3C52817112313373E66CD675 /* Pods_TodayNews.framework */ = {isa = PBXFileReference; explicitFileType = wrapper.framework; includeInIndex = 0; path = Pods_TodayNews.framework; sourceTree = BUILT_PRODUCTS_DIR; };
		C95FAB5EE703D3AD4C6AE70D /* Pods-TodayNews.debug.xcconfig */ = {isa = PBXFileReference; includeInIndex = 1; lastKnownFileType = text.xcconfig; name = "Pods-TodayNews.debug.xcconfig"; path = "Pods/Target Support Files/Pods-TodayNews/Pods-TodayNews.debug.xcconfig"; sourceTree = "<group>"; };
		E26D6EC020DB286E00CA7678 /* TodayNews.app */ = {isa = PBXFileReference; explicitFileType = wrapper.application; includeInIndex = 0; path = TodayNews.app; sourceTree = BUILT_PRODUCTS_DIR; };
		E26D6ECA20DB287100CA7678 /* Assets.xcassets */ = {isa = PBXFileReference; lastKnownFileType = folder.assetcatalog; path = Assets.xcassets; sourceTree = "<group>"; };
		E26D6ECD20DB287100CA7678 /* Base */ = {isa = PBXFileReference; lastKnownFileType = file.storyboard; name = Base; path = Base.lproj/LaunchScreen.storyboard; sourceTree = "<group>"; };
		E26D6EF620DB457900CA7678 /* HomeViewController.swift */ = {isa = PBXFileReference; fileEncoding = 4; lastKnownFileType = sourcecode.swift; path = HomeViewController.swift; sourceTree = "<group>"; };
		E26D6EFB20DB457900CA7678 /* VideoViewController.swift */ = {isa = PBXFileReference; fileEncoding = 4; lastKnownFileType = sourcecode.swift; path = VideoViewController.swift; sourceTree = "<group>"; };
		E26D6F0020DB457900CA7678 /* HuoshanViewController.swift */ = {isa = PBXFileReference; fileEncoding = 4; lastKnownFileType = sourcecode.swift; path = HuoshanViewController.swift; sourceTree = "<group>"; };
		E26D6F0420DB457900CA7678 /* AppDelegate.swift */ = {isa = PBXFileReference; fileEncoding = 4; lastKnownFileType = sourcecode.swift; path = AppDelegate.swift; sourceTree = "<group>"; };
		E26D6F0520DB457900CA7678 /* Info.plist */ = {isa = PBXFileReference; fileEncoding = 4; lastKnownFileType = text.plist.xml; path = Info.plist; sourceTree = "<group>"; };
		E26D6F0820DB457900CA7678 /* MineViewController.swift */ = {isa = PBXFileReference; fileEncoding = 4; lastKnownFileType = sourcecode.swift; path = MineViewController.swift; sourceTree = "<group>"; };
		E26D6F0D20DB457900CA7678 /* MyTabBarController.swift */ = {isa = PBXFileReference; fileEncoding = 4; lastKnownFileType = sourcecode.swift; path = MyTabBarController.swift; sourceTree = "<group>"; };
		E26D6F0E20DB457900CA7678 /* MyNavigationController.swift */ = {isa = PBXFileReference; fileEncoding = 4; lastKnownFileType = sourcecode.swift; path = MyNavigationController.swift; sourceTree = "<group>"; };
		E26D6F1120DB457900CA7678 /* MyTabBar.swift */ = {isa = PBXFileReference; fileEncoding = 4; lastKnownFileType = sourcecode.swift; path = MyTabBar.swift; sourceTree = "<group>"; };
		E26D6F1B20DB4C1F00CA7678 /* Const.swift */ = {isa = PBXFileReference; lastKnownFileType = sourcecode.swift; path = Const.swift; sourceTree = "<group>"; };
		E26D6F1E20DB4CFD00CA7678 /* UIKit+Extension.swift */ = {isa = PBXFileReference; lastKnownFileType = sourcecode.swift; path = "UIKit+Extension.swift"; sourceTree = "<group>"; };
		E26D6F2120DB6B4100CA7678 /* NetworkTool.swift */ = {isa = PBXFileReference; lastKnownFileType = sourcecode.swift; path = NetworkTool.swift; sourceTree = "<group>"; };
		E26D6F2320DB716300CA7678 /* MyCellModel.swift */ = {isa = PBXFileReference; lastKnownFileType = sourcecode.swift; path = MyCellModel.swift; sourceTree = "<group>"; };
		E26D6F2520DB75BA00CA7678 /* MyOtherCell.swift */ = {isa = PBXFileReference; lastKnownFileType = sourcecode.swift; path = MyOtherCell.swift; sourceTree = "<group>"; };
		E26D6F2620DB75BA00CA7678 /* MyOtherCell.xib */ = {isa = PBXFileReference; lastKnownFileType = file.xib; path = MyOtherCell.xib; sourceTree = "<group>"; };
		E26D6F2920DB84CC00CA7678 /* MyFisrtSectionCell.swift */ = {isa = PBXFileReference; lastKnownFileType = sourcecode.swift; path = MyFisrtSectionCell.swift; sourceTree = "<group>"; };
		E26D6F2A20DB84CC00CA7678 /* MyFisrtSectionCell.xib */ = {isa = PBXFileReference; lastKnownFileType = file.xib; path = MyFisrtSectionCell.xib; sourceTree = "<group>"; };
		E26D6F3120DB94B700CA7678 /* MyConcernCell.swift */ = {isa = PBXFileReference; lastKnownFileType = sourcecode.swift; path = MyConcernCell.swift; sourceTree = "<group>"; };
		E26D6F3220DB94B700CA7678 /* MyConcernCell.xib */ = {isa = PBXFileReference; lastKnownFileType = file.xib; path = MyConcernCell.xib; sourceTree = "<group>"; };
		E26D6F3520DBAAD800CA7678 /* NoLoginHeaderView.swift */ = {isa = PBXFileReference; lastKnownFileType = sourcecode.swift; path = NoLoginHeaderView.swift; sourceTree = "<group>"; };
		E26D6F3720DBAAF000CA7678 /* NoLoginHeaderView.xib */ = {isa = PBXFileReference; lastKnownFileType = file.xib; path = NoLoginHeaderView.xib; sourceTree = "<group>"; };
/* End PBXFileReference section */

/* Begin PBXFrameworksBuildPhase section */
		E26D6EBD20DB286E00CA7678 /* Frameworks */ = {
			isa = PBXFrameworksBuildPhase;
			buildActionMask = 2147483647;
			files = (
				71AD87A1136F774B1BE3162F /* Pods_TodayNews.framework in Frameworks */,
			);
			runOnlyForDeploymentPostprocessing = 0;
		};
/* End PBXFrameworksBuildPhase section */

/* Begin PBXGroup section */
		874B3A30AFC92BD9BD404DD7 /* Pods */ = {
			isa = PBXGroup;
			children = (
				C95FAB5EE703D3AD4C6AE70D /* Pods-TodayNews.debug.xcconfig */,
				38229071397AAEAB1FE6EC33 /* Pods-TodayNews.release.xcconfig */,
			);
			name = Pods;
			sourceTree = "<group>";
		};
		C20A899F2E0AAC5F86E4B029 /* Frameworks */ = {
			isa = PBXGroup;
			children = (
				3C52817112313373E66CD675 /* Pods_TodayNews.framework */,
			);
			name = Frameworks;
			sourceTree = "<group>";
		};
		E26D6EB720DB286E00CA7678 = {
			isa = PBXGroup;
			children = (
				E26D6EC220DB286E00CA7678 /* TodayNews */,
				E26D6EC120DB286E00CA7678 /* Products */,
				874B3A30AFC92BD9BD404DD7 /* Pods */,
				C20A899F2E0AAC5F86E4B029 /* Frameworks */,
			);
			sourceTree = "<group>";
		};
		E26D6EC120DB286E00CA7678 /* Products */ = {
			isa = PBXGroup;
			children = (
				E26D6EC020DB286E00CA7678 /* TodayNews.app */,
			);
			name = Products;
			sourceTree = "<group>";
		};
		E26D6EC220DB286E00CA7678 /* TodayNews */ = {
			isa = PBXGroup;
			children = (
				E26D6EF320DB457900CA7678 /* Classes */,
				E26D6ECA20DB287100CA7678 /* Assets.xcassets */,
				E26D6ECC20DB287100CA7678 /* LaunchScreen.storyboard */,
			);
			path = TodayNews;
			sourceTree = "<group>";
		};
		E26D6EF320DB457900CA7678 /* Classes */ = {
			isa = PBXGroup;
			children = (
				E26D6EF420DB457900CA7678 /* Home */,
				E26D6EF920DB457900CA7678 /* Video */,
				E26D6EFE20DB457900CA7678 /* Huoshan */,
				E26D6F0320DB457900CA7678 /* Others */,
				E26D6F0620DB457900CA7678 /* Mine */,
				E26D6F0B20DB457900CA7678 /* Main */,
			);
			path = Classes;
			sourceTree = "<group>";
		};
		E26D6EF420DB457900CA7678 /* Home */ = {
			isa = PBXGroup;
			children = (
				E26D6EF520DB457900CA7678 /* Controller */,
				E26D6EF720DB457900CA7678 /* Model */,
				E26D6EF820DB457900CA7678 /* View */,
			);
			path = Home;
			sourceTree = "<group>";
		};
		E26D6EF520DB457900CA7678 /* Controller */ = {
			isa = PBXGroup;
			children = (
				E26D6EF620DB457900CA7678 /* HomeViewController.swift */,
			);
			path = Controller;
			sourceTree = "<group>";
		};
		E26D6EF720DB457900CA7678 /* Model */ = {
			isa = PBXGroup;
			children = (
			);
			path = Model;
			sourceTree = "<group>";
		};
		E26D6EF820DB457900CA7678 /* View */ = {
			isa = PBXGroup;
			children = (
			);
			path = View;
			sourceTree = "<group>";
		};
		E26D6EF920DB457900CA7678 /* Video */ = {
			isa = PBXGroup;
			children = (
				E26D6EFA20DB457900CA7678 /* Controller */,
				E26D6EFC20DB457900CA7678 /* Model */,
				E26D6EFD20DB457900CA7678 /* View */,
			);
			path = Video;
			sourceTree = "<group>";
		};
		E26D6EFA20DB457900CA7678 /* Controller */ = {
			isa = PBXGroup;
			children = (
				E26D6EFB20DB457900CA7678 /* VideoViewController.swift */,
			);
			path = Controller;
			sourceTree = "<group>";
		};
		E26D6EFC20DB457900CA7678 /* Model */ = {
			isa = PBXGroup;
			children = (
			);
			path = Model;
			sourceTree = "<group>";
		};
		E26D6EFD20DB457900CA7678 /* View */ = {
			isa = PBXGroup;
			children = (
			);
			path = View;
			sourceTree = "<group>";
		};
		E26D6EFE20DB457900CA7678 /* Huoshan */ = {
			isa = PBXGroup;
			children = (
				E26D6EFF20DB457900CA7678 /* Controller */,
				E26D6F0120DB457900CA7678 /* Model */,
				E26D6F0220DB457900CA7678 /* View */,
			);
			path = Huoshan;
			sourceTree = "<group>";
		};
		E26D6EFF20DB457900CA7678 /* Controller */ = {
			isa = PBXGroup;
			children = (
				E26D6F0020DB457900CA7678 /* HuoshanViewController.swift */,
			);
			path = Controller;
			sourceTree = "<group>";
		};
		E26D6F0120DB457900CA7678 /* Model */ = {
			isa = PBXGroup;
			children = (
			);
			path = Model;
			sourceTree = "<group>";
		};
		E26D6F0220DB457900CA7678 /* View */ = {
			isa = PBXGroup;
			children = (
			);
			path = View;
			sourceTree = "<group>";
		};
		E26D6F0320DB457900CA7678 /* Others */ = {
			isa = PBXGroup;
			children = (
				E26D6F0420DB457900CA7678 /* AppDelegate.swift */,
				E26D6F0520DB457900CA7678 /* Info.plist */,
				E26D6F1B20DB4C1F00CA7678 /* Const.swift */,
			);
			path = Others;
			sourceTree = "<group>";
		};
		E26D6F0620DB457900CA7678 /* Mine */ = {
			isa = PBXGroup;
			children = (
				E26D6F0720DB457900CA7678 /* Controller */,
				E26D6F0920DB457900CA7678 /* Model */,
				E26D6F0A20DB457900CA7678 /* View */,
			);
			path = Mine;
			sourceTree = "<group>";
		};
		E26D6F0720DB457900CA7678 /* Controller */ = {
			isa = PBXGroup;
			children = (
				E26D6F0820DB457900CA7678 /* MineViewController.swift */,
			);
			path = Controller;
			sourceTree = "<group>";
		};
		E26D6F0920DB457900CA7678 /* Model */ = {
			isa = PBXGroup;
			children = (
			);
			path = Model;
			sourceTree = "<group>";
		};
		E26D6F0A20DB457900CA7678 /* View */ = {
			isa = PBXGroup;
			children = (
				E26D6F2520DB75BA00CA7678 /* MyOtherCell.swift */,
				E26D6F2620DB75BA00CA7678 /* MyOtherCell.xib */,
				E26D6F2920DB84CC00CA7678 /* MyFisrtSectionCell.swift */,
				E26D6F2A20DB84CC00CA7678 /* MyFisrtSectionCell.xib */,
				E26D6F3120DB94B700CA7678 /* MyConcernCell.swift */,
				E26D6F3220DB94B700CA7678 /* MyConcernCell.xib */,
				E26D6F3520DBAAD800CA7678 /* NoLoginHeaderView.swift */,
				E26D6F3720DBAAF000CA7678 /* NoLoginHeaderView.xib */,
			);
			path = View;
			sourceTree = "<group>";
		};
		E26D6F0B20DB457900CA7678 /* Main */ = {
			isa = PBXGroup;
			children = (
				E26D6F2020DB6B2D00CA7678 /* Tools */,
				E26D6F1D20DB4CA500CA7678 /* Extension */,
				E26D6F0C20DB457900CA7678 /* Controller */,
				E26D6F0F20DB457900CA7678 /* Model */,
				E26D6F1020DB457900CA7678 /* View */,
			);
			path = Main;
			sourceTree = "<group>";
		};
		E26D6F0C20DB457900CA7678 /* Controller */ = {
			isa = PBXGroup;
			children = (
				E26D6F0D20DB457900CA7678 /* MyTabBarController.swift */,
				E26D6F0E20DB457900CA7678 /* MyNavigationController.swift */,
			);
			path = Controller;
			sourceTree = "<group>";
		};
		E26D6F0F20DB457900CA7678 /* Model */ = {
			isa = PBXGroup;
			children = (
				E26D6F2320DB716300CA7678 /* MyCellModel.swift */,
			);
			path = Model;
			sourceTree = "<group>";
		};
		E26D6F1020DB457900CA7678 /* View */ = {
			isa = PBXGroup;
			children = (
				E26D6F1120DB457900CA7678 /* MyTabBar.swift */,
			);
			path = View;
			sourceTree = "<group>";
		};
		E26D6F1D20DB4CA500CA7678 /* Extension */ = {
			isa = PBXGroup;
			children = (
				E26D6F1E20DB4CFD00CA7678 /* UIKit+Extension.swift */,
			);
			path = Extension;
			sourceTree = "<group>";
		};
		E26D6F2020DB6B2D00CA7678 /* Tools */ = {
			isa = PBXGroup;
			children = (
				E26D6F2120DB6B4100CA7678 /* NetworkTool.swift */,
			);
			path = Tools;
			sourceTree = "<group>";
		};
/* End PBXGroup section */

/* Begin PBXNativeTarget section */
		E26D6EBF20DB286E00CA7678 /* TodayNews */ = {
			isa = PBXNativeTarget;
			buildConfigurationList = E26D6ED220DB287100CA7678 /* Build configuration list for PBXNativeTarget "TodayNews" */;
			buildPhases = (
				E873310BD27DF924F3B07FA2 /* [CP] Check Pods Manifest.lock */,
				E26D6EBC20DB286E00CA7678 /* Sources */,
				E26D6EBD20DB286E00CA7678 /* Frameworks */,
				E26D6EBE20DB286E00CA7678 /* Resources */,
				D7BA9BDD55D0CC0EAD9E54AE /* [CP] Embed Pods Frameworks */,
			);
			buildRules = (
			);
			dependencies = (
			);
			name = TodayNews;
			productName = TodayNews;
			productReference = E26D6EC020DB286E00CA7678 /* TodayNews.app */;
			productType = "com.apple.product-type.application";
		};
/* End PBXNativeTarget section */

/* Begin PBXProject section */
		E26D6EB820DB286E00CA7678 /* Project object */ = {
			isa = PBXProject;
			attributes = {
				LastSwiftUpdateCheck = 0940;
				LastUpgradeCheck = 0940;
				ORGANIZATIONNAME = Alonso;
				TargetAttributes = {
					E26D6EBF20DB286E00CA7678 = {
						CreatedOnToolsVersion = 9.4.1;
					};
				};
			};
			buildConfigurationList = E26D6EBB20DB286E00CA7678 /* Build configuration list for PBXProject "TodayNews" */;
			compatibilityVersion = "Xcode 9.3";
			developmentRegion = en;
			hasScannedForEncodings = 0;
			knownRegions = (
				en,
				Base,
			);
			mainGroup = E26D6EB720DB286E00CA7678;
			productRefGroup = E26D6EC120DB286E00CA7678 /* Products */;
			projectDirPath = "";
			projectRoot = "";
			targets = (
				E26D6EBF20DB286E00CA7678 /* TodayNews */,
			);
		};
/* End PBXProject section */

/* Begin PBXResourcesBuildPhase section */
		E26D6EBE20DB286E00CA7678 /* Resources */ = {
			isa = PBXResourcesBuildPhase;
			buildActionMask = 2147483647;
			files = (
				E26D6ECE20DB287100CA7678 /* LaunchScreen.storyboard in Resources */,
				E26D6F3420DB94B700CA7678 /* MyConcernCell.xib in Resources */,
				E26D6F3820DBAAF000CA7678 /* NoLoginHeaderView.xib in Resources */,
				E26D6F2820DB75BA00CA7678 /* MyOtherCell.xib in Resources */,
				E26D6F2C20DB84CC00CA7678 /* MyFisrtSectionCell.xib in Resources */,
				E26D6ECB20DB287100CA7678 /* Assets.xcassets in Resources */,
			);
			runOnlyForDeploymentPostprocessing = 0;
		};
/* End PBXResourcesBuildPhase section */

/* Begin PBXShellScriptBuildPhase section */
		D7BA9BDD55D0CC0EAD9E54AE /* [CP] Embed Pods Frameworks */ = {
			isa = PBXShellScriptBuildPhase;
			buildActionMask = 2147483647;
			files = (
			);
			inputPaths = (
				"${SRCROOT}/Pods/Target Support Files/Pods-TodayNews/Pods-TodayNews-frameworks.sh",
				"${BUILT_PRODUCTS_DIR}/Alamofire/Alamofire.framework",
				"${BUILT_PRODUCTS_DIR}/HandyJSON/HandyJSON.framework",
				"${BUILT_PRODUCTS_DIR}/IBAnimatable/IBAnimatable.framework",
				"${BUILT_PRODUCTS_DIR}/Kingfisher/Kingfisher.framework",
				"${BUILT_PRODUCTS_DIR}/SwiftyJSON/SwiftyJSON.framework",
			);
			name = "[CP] Embed Pods Frameworks";
			outputPaths = (
				"${TARGET_BUILD_DIR}/${FRAMEWORKS_FOLDER_PATH}/Alamofire.framework",
				"${TARGET_BUILD_DIR}/${FRAMEWORKS_FOLDER_PATH}/HandyJSON.framework",
				"${TARGET_BUILD_DIR}/${FRAMEWORKS_FOLDER_PATH}/IBAnimatable.framework",
				"${TARGET_BUILD_DIR}/${FRAMEWORKS_FOLDER_PATH}/Kingfisher.framework",
				"${TARGET_BUILD_DIR}/${FRAMEWORKS_FOLDER_PATH}/SwiftyJSON.framework",
			);
			runOnlyForDeploymentPostprocessing = 0;
			shellPath = /bin/sh;
			shellScript = "\"${SRCROOT}/Pods/Target Support Files/Pods-TodayNews/Pods-TodayNews-frameworks.sh\"\n";
			showEnvVarsInLog = 0;
		};
		E873310BD27DF924F3B07FA2 /* [CP] Check Pods Manifest.lock */ = {
			isa = PBXShellScriptBuildPhase;
			buildActionMask = 2147483647;
			files = (
			);
			inputPaths = (
				"${PODS_PODFILE_DIR_PATH}/Podfile.lock",
				"${PODS_ROOT}/Manifest.lock",
			);
			name = "[CP] Check Pods Manifest.lock";
			outputPaths = (
				"$(DERIVED_FILE_DIR)/Pods-TodayNews-checkManifestLockResult.txt",
			);
			runOnlyForDeploymentPostprocessing = 0;
			shellPath = /bin/sh;
			shellScript = "diff \"${PODS_PODFILE_DIR_PATH}/Podfile.lock\" \"${PODS_ROOT}/Manifest.lock\" > /dev/null\nif [ $? != 0 ] ; then\n    # print error to STDERR\n    echo \"error: The sandbox is not in sync with the Podfile.lock. Run 'pod install' or update your CocoaPods installation.\" >&2\n    exit 1\nfi\n# This output is used by Xcode 'outputs' to avoid re-running this script phase.\necho \"SUCCESS\" > \"${SCRIPT_OUTPUT_FILE_0}\"\n";
			showEnvVarsInLog = 0;
		};
/* End PBXShellScriptBuildPhase section */

/* Begin PBXSourcesBuildPhase section */
		E26D6EBC20DB286E00CA7678 /* Sources */ = {
			isa = PBXSourcesBuildPhase;
			buildActionMask = 2147483647;
			files = (
				E26D6F2B20DB84CC00CA7678 /* MyFisrtSectionCell.swift in Sources */,
				E26D6F2220DB6B4100CA7678 /* NetworkTool.swift in Sources */,
				E26D6F1520DB457900CA7678 /* AppDelegate.swift in Sources */,
				E26D6F1320DB457900CA7678 /* VideoViewController.swift in Sources */,
				E26D6F1220DB457900CA7678 /* HomeViewController.swift in Sources */,
				E26D6F3320DB94B700CA7678 /* MyConcernCell.swift in Sources */,
				E26D6F1A20DB457900CA7678 /* MyTabBar.swift in Sources */,
				E26D6F1F20DB4CFD00CA7678 /* UIKit+Extension.swift in Sources */,
				E26D6F1420DB457900CA7678 /* HuoshanViewController.swift in Sources */,
				E26D6F2420DB716300CA7678 /* MyCellModel.swift in Sources */,
				E26D6F2720DB75BA00CA7678 /* MyOtherCell.swift in Sources */,
				E26D6F1920DB457900CA7678 /* MyNavigationController.swift in Sources */,
				E26D6F3620DBAAD800CA7678 /* NoLoginHeaderView.swift in Sources */,
				E26D6F1720DB457900CA7678 /* MineViewController.swift in Sources */,
				E26D6F1820DB457900CA7678 /* MyTabBarController.swift in Sources */,
				E26D6F1C20DB4C1F00CA7678 /* Const.swift in Sources */,
			);
			runOnlyForDeploymentPostprocessing = 0;
		};
/* End PBXSourcesBuildPhase section */

/* Begin PBXVariantGroup section */
		E26D6ECC20DB287100CA7678 /* LaunchScreen.storyboard */ = {
			isa = PBXVariantGroup;
			children = (
				E26D6ECD20DB287100CA7678 /* Base */,
			);
			name = LaunchScreen.storyboard;
			sourceTree = "<group>";
		};
/* End PBXVariantGroup section */

/* Begin XCBuildConfiguration section */
		E26D6ED020DB287100CA7678 /* Debug */ = {
			isa = XCBuildConfiguration;
			buildSettings = {
				ALWAYS_SEARCH_USER_PATHS = NO;
				CLANG_ANALYZER_NONNULL = YES;
				CLANG_ANALYZER_NUMBER_OBJECT_CONVERSION = YES_AGGRESSIVE;
				CLANG_CXX_LANGUAGE_STANDARD = "gnu++14";
				CLANG_CXX_LIBRARY = "libc++";
				CLANG_ENABLE_MODULES = YES;
				CLANG_ENABLE_OBJC_ARC = YES;
				CLANG_ENABLE_OBJC_WEAK = YES;
				CLANG_WARN_BLOCK_CAPTURE_AUTORELEASING = YES;
				CLANG_WARN_BOOL_CONVERSION = YES;
				CLANG_WARN_COMMA = YES;
				CLANG_WARN_CONSTANT_CONVERSION = YES;
				CLANG_WARN_DEPRECATED_OBJC_IMPLEMENTATIONS = YES;
				CLANG_WARN_DIRECT_OBJC_ISA_USAGE = YES_ERROR;
				CLANG_WARN_DOCUMENTATION_COMMENTS = YES;
				CLANG_WARN_EMPTY_BODY = YES;
				CLANG_WARN_ENUM_CONVERSION = YES;
				CLANG_WARN_INFINITE_RECURSION = YES;
				CLANG_WARN_INT_CONVERSION = YES;
				CLANG_WARN_NON_LITERAL_NULL_CONVERSION = YES;
				CLANG_WARN_OBJC_IMPLICIT_RETAIN_SELF = YES;
				CLANG_WARN_OBJC_LITERAL_CONVERSION = YES;
				CLANG_WARN_OBJC_ROOT_CLASS = YES_ERROR;
				CLANG_WARN_RANGE_LOOP_ANALYSIS = YES;
				CLANG_WARN_STRICT_PROTOTYPES = YES;
				CLANG_WARN_SUSPICIOUS_MOVE = YES;
				CLANG_WARN_UNGUARDED_AVAILABILITY = YES_AGGRESSIVE;
				CLANG_WARN_UNREACHABLE_CODE = YES;
				CLANG_WARN__DUPLICATE_METHOD_MATCH = YES;
				CODE_SIGN_IDENTITY = "iPhone Developer";
				COPY_PHASE_STRIP = NO;
				DEBUG_INFORMATION_FORMAT = dwarf;
				ENABLE_STRICT_OBJC_MSGSEND = YES;
				ENABLE_TESTABILITY = YES;
				GCC_C_LANGUAGE_STANDARD = gnu11;
				GCC_DYNAMIC_NO_PIC = NO;
				GCC_NO_COMMON_BLOCKS = YES;
				GCC_OPTIMIZATION_LEVEL = 0;
				GCC_PREPROCESSOR_DEFINITIONS = (
					"DEBUG=1",
					"$(inherited)",
				);
				GCC_WARN_64_TO_32_BIT_CONVERSION = YES;
				GCC_WARN_ABOUT_RETURN_TYPE = YES_ERROR;
				GCC_WARN_UNDECLARED_SELECTOR = YES;
				GCC_WARN_UNINITIALIZED_AUTOS = YES_AGGRESSIVE;
				GCC_WARN_UNUSED_FUNCTION = YES;
				GCC_WARN_UNUSED_VARIABLE = YES;
				IPHONEOS_DEPLOYMENT_TARGET = 11.4;
				MTL_ENABLE_DEBUG_INFO = YES;
				ONLY_ACTIVE_ARCH = YES;
				SDKROOT = iphoneos;
				SWIFT_ACTIVE_COMPILATION_CONDITIONS = DEBUG;
				SWIFT_OPTIMIZATION_LEVEL = "-Onone";
			};
			name = Debug;
		};
		E26D6ED120DB287100CA7678 /* Release */ = {
			isa = XCBuildConfiguration;
			buildSettings = {
				ALWAYS_SEARCH_USER_PATHS = NO;
				CLANG_ANALYZER_NONNULL = YES;
				CLANG_ANALYZER_NUMBER_OBJECT_CONVERSION = YES_AGGRESSIVE;
				CLANG_CXX_LANGUAGE_STANDARD = "gnu++14";
				CLANG_CXX_LIBRARY = "libc++";
				CLANG_ENABLE_MODULES = YES;
				CLANG_ENABLE_OBJC_ARC = YES;
				CLANG_ENABLE_OBJC_WEAK = YES;
				CLANG_WARN_BLOCK_CAPTURE_AUTORELEASING = YES;
				CLANG_WARN_BOOL_CONVERSION = YES;
				CLANG_WARN_COMMA = YES;
				CLANG_WARN_CONSTANT_CONVERSION = YES;
				CLANG_WARN_DEPRECATED_OBJC_IMPLEMENTATIONS = YES;
				CLANG_WARN_DIRECT_OBJC_ISA_USAGE = YES_ERROR;
				CLANG_WARN_DOCUMENTATION_COMMENTS = YES;
				CLANG_WARN_EMPTY_BODY = YES;
				CLANG_WARN_ENUM_CONVERSION = YES;
				CLANG_WARN_INFINITE_RECURSION = YES;
				CLANG_WARN_INT_CONVERSION = YES;
				CLANG_WARN_NON_LITERAL_NULL_CONVERSION = YES;
				CLANG_WARN_OBJC_IMPLICIT_RETAIN_SELF = YES;
				CLANG_WARN_OBJC_LITERAL_CONVERSION = YES;
				CLANG_WARN_OBJC_ROOT_CLASS = YES_ERROR;
				CLANG_WARN_RANGE_LOOP_ANALYSIS = YES;
				CLANG_WARN_STRICT_PROTOTYPES = YES;
				CLANG_WARN_SUSPICIOUS_MOVE = YES;
				CLANG_WARN_UNGUARDED_AVAILABILITY = YES_AGGRESSIVE;
				CLANG_WARN_UNREACHABLE_CODE = YES;
				CLANG_WARN__DUPLICATE_METHOD_MATCH = YES;
				CODE_SIGN_IDENTITY = "iPhone Developer";
				COPY_PHASE_STRIP = NO;
				DEBUG_INFORMATION_FORMAT = "dwarf-with-dsym";
				ENABLE_NS_ASSERTIONS = NO;
				ENABLE_STRICT_OBJC_MSGSEND = YES;
				GCC_C_LANGUAGE_STANDARD = gnu11;
				GCC_NO_COMMON_BLOCKS = YES;
				GCC_WARN_64_TO_32_BIT_CONVERSION = YES;
				GCC_WARN_ABOUT_RETURN_TYPE = YES_ERROR;
				GCC_WARN_UNDECLARED_SELECTOR = YES;
				GCC_WARN_UNINITIALIZED_AUTOS = YES_AGGRESSIVE;
				GCC_WARN_UNUSED_FUNCTION = YES;
				GCC_WARN_UNUSED_VARIABLE = YES;
				IPHONEOS_DEPLOYMENT_TARGET = 11.4;
				MTL_ENABLE_DEBUG_INFO = NO;
				SDKROOT = iphoneos;
				SWIFT_COMPILATION_MODE = wholemodule;
				SWIFT_OPTIMIZATION_LEVEL = "-O";
				VALIDATE_PRODUCT = YES;
			};
			name = Release;
		};
		E26D6ED320DB287100CA7678 /* Debug */ = {
			isa = XCBuildConfiguration;
			baseConfigurationReference = C95FAB5EE703D3AD4C6AE70D /* Pods-TodayNews.debug.xcconfig */;
			buildSettings = {
				ASSETCATALOG_COMPILER_APPICON_NAME = AppIcon;
				ASSETCATALOG_COMPILER_LAUNCHIMAGE_NAME = LaunchImage;
				CODE_SIGN_STYLE = Automatic;
				DEVELOPMENT_TEAM = 8LP5KW6GHL;
				INFOPLIST_FILE = "$(SRCROOT)/TodayNews/Classes/Others/Info.plist";
				LD_RUNPATH_SEARCH_PATHS = (
					"$(inherited)",
					"@executable_path/Frameworks",
				);
				PRODUCT_BUNDLE_IDENTIFIER = zhangwu.tech.TodayNews;
				PRODUCT_NAME = "$(TARGET_NAME)";
				SWIFT_VERSION = 4.0;
				TARGETED_DEVICE_FAMILY = 1;
			};
			name = Debug;
		};
		E26D6ED420DB287100CA7678 /* Release */ = {
			isa = XCBuildConfiguration;
			baseConfigurationReference = 38229071397AAEAB1FE6EC33 /* Pods-TodayNews.release.xcconfig */;
			buildSettings = {
				ASSETCATALOG_COMPILER_APPICON_NAME = AppIcon;
				ASSETCATALOG_COMPILER_LAUNCHIMAGE_NAME = LaunchImage;
				CODE_SIGN_STYLE = Automatic;
				DEVELOPMENT_TEAM = 8LP5KW6GHL;
				INFOPLIST_FILE = "$(SRCROOT)/TodayNews/Classes/Others/Info.plist";
				LD_RUNPATH_SEARCH_PATHS = (
					"$(inherited)",
					"@executable_path/Frameworks",
				);
				PRODUCT_BUNDLE_IDENTIFIER = zhangwu.tech.TodayNews;
				PRODUCT_NAME = "$(TARGET_NAME)";
				SWIFT_VERSION = 4.0;
				TARGETED_DEVICE_FAMILY = 1;
			};
			name = Release;
		};
/* End XCBuildConfiguration section */

/* Begin XCConfigurationList section */
		E26D6EBB20DB286E00CA7678 /* Build configuration list for PBXProject "TodayNews" */ = {
			isa = XCConfigurationList;
			buildConfigurations = (
				E26D6ED020DB287100CA7678 /* Debug */,
				E26D6ED120DB287100CA7678 /* Release */,
			);
			defaultConfigurationIsVisible = 0;
			defaultConfigurationName = Release;
		};
		E26D6ED220DB287100CA7678 /* Build configuration list for PBXNativeTarget "TodayNews" */ = {
			isa = XCConfigurationList;
			buildConfigurations = (
				E26D6ED320DB287100CA7678 /* Debug */,
				E26D6ED420DB287100CA7678 /* Release */,
			);
			defaultConfigurationIsVisible = 0;
			defaultConfigurationName = Release;
		};
/* End XCConfigurationList section */
	};
	rootObject = E26D6EB820DB286E00CA7678 /* Project object */;
}
